// !$*UTF8*$!
{
	archiveVersion = 1;
	classes = {
	};
	objectVersion = 50;
	objects = {

/* Begin PBXBuildFile section */
		BB13050A225BCC1E006E943D /* VPNManager.h in Headers */ = {isa = PBXBuildFile; fileRef = BB130508225BCC1E006E943D /* VPNManager.h */; settings = {ATTRIBUTES = (Public, ); }; };
		BB130515225BCC80006E943D /* VPNProtocolType.swift in Sources */ = {isa = PBXBuildFile; fileRef = BB130514225BCC80006E943D /* VPNProtocolType.swift */; };
		BB130517225BCCB6006E943D /* VPNAccount.swift in Sources */ = {isa = PBXBuildFile; fileRef = BB130516225BCCB6006E943D /* VPNAccount.swift */; };
		BB130519225BCCFD006E943D /* VPNManager.swift in Sources */ = {isa = PBXBuildFile; fileRef = BB130518225BCCFD006E943D /* VPNManager.swift */; };
		BB13051B225BCDA6006E943D /* VPNConnectionProtocol.swift in Sources */ = {isa = PBXBuildFile; fileRef = BB13051A225BCDA6006E943D /* VPNConnectionProtocol.swift */; };
		BB13052A225BD7B3006E943D /* maxminddb.h in Headers */ = {isa = PBXBuildFile; fileRef = BB130520225BD7B3006E943D /* maxminddb.h */; settings = {ATTRIBUTES = (Public, ); }; };
		BB13052B225BD7B3006E943D /* SimplePing.h in Headers */ = {isa = PBXBuildFile; fileRef = BB130521225BD7B3006E943D /* SimplePing.h */; settings = {ATTRIBUTES = (Public, ); }; };
		BB13052C225BD7B3006E943D /* maxminddb_config.h in Headers */ = {isa = PBXBuildFile; fileRef = BB130522225BD7B3006E943D /* maxminddb_config.h */; settings = {ATTRIBUTES = (Public, ); }; };
		BB13052D225BD7B3006E943D /* maxminddb.c in Sources */ = {isa = PBXBuildFile; fileRef = BB130523225BD7B3006E943D /* maxminddb.c */; };
		BB13052E225BD7B3006E943D /* maxminddb_unions.c in Sources */ = {isa = PBXBuildFile; fileRef = BB130524225BD7B3006E943D /* maxminddb_unions.c */; };
		BB13052F225BD7B3006E943D /* SimplePing.m in Sources */ = {isa = PBXBuildFile; fileRef = BB130525225BD7B3006E943D /* SimplePing.m */; };
		BB130530225BD7B3006E943D /* maxminddb_unions.h in Headers */ = {isa = PBXBuildFile; fileRef = BB130526225BD7B3006E943D /* maxminddb_unions.h */; settings = {ATTRIBUTES = (Public, ); }; };
		BB130531225BD7B3006E943D /* MMDB.swift in Sources */ = {isa = PBXBuildFile; fileRef = BB130527225BD7B3006E943D /* MMDB.swift */; };
		BB130532225BD7B3006E943D /* maxminddb-compat-util.h in Headers */ = {isa = PBXBuildFile; fileRef = BB130528225BD7B3006E943D /* maxminddb-compat-util.h */; settings = {ATTRIBUTES = (Public, ); }; };
		BB130533225BD7B3006E943D /* MMDB.h in Headers */ = {isa = PBXBuildFile; fileRef = BB130529225BD7B3006E943D /* MMDB.h */; settings = {ATTRIBUTES = (Public, ); }; };
		BB130535225BD9EF006E943D /* VPNConnectionErrorType.swift in Sources */ = {isa = PBXBuildFile; fileRef = BB130534225BD9EF006E943D /* VPNConnectionErrorType.swift */; };
/* End PBXBuildFile section */

/* Begin PBXFileReference section */
		BB130505225BCC1E006E943D /* VPNManager.framework */ = {isa = PBXFileReference; explicitFileType = wrapper.framework; includeInIndex = 0; path = VPNManager.framework; sourceTree = BUILT_PRODUCTS_DIR; };
		BB130508225BCC1E006E943D /* VPNManager.h */ = {isa = PBXFileReference; lastKnownFileType = sourcecode.c.h; path = VPNManager.h; sourceTree = "<group>"; };
		BB130509225BCC1E006E943D /* Info.plist */ = {isa = PBXFileReference; lastKnownFileType = text.plist.xml; path = Info.plist; sourceTree = "<group>"; };
		BB130514225BCC80006E943D /* VPNProtocolType.swift */ = {isa = PBXFileReference; lastKnownFileType = sourcecode.swift; path = VPNProtocolType.swift; sourceTree = "<group>"; };
		BB130516225BCCB6006E943D /* VPNAccount.swift */ = {isa = PBXFileReference; lastKnownFileType = sourcecode.swift; path = VPNAccount.swift; sourceTree = "<group>"; };
		BB130518225BCCFD006E943D /* VPNManager.swift */ = {isa = PBXFileReference; lastKnownFileType = sourcecode.swift; path = VPNManager.swift; sourceTree = "<group>"; };
		BB13051A225BCDA6006E943D /* VPNConnectionProtocol.swift */ = {isa = PBXFileReference; lastKnownFileType = sourcecode.swift; path = VPNConnectionProtocol.swift; sourceTree = "<group>"; };
		BB130520225BD7B3006E943D /* maxminddb.h */ = {isa = PBXFileReference; fileEncoding = 4; lastKnownFileType = sourcecode.c.h; path = maxminddb.h; sourceTree = "<group>"; };
		BB130521225BD7B3006E943D /* SimplePing.h */ = {isa = PBXFileReference; fileEncoding = 4; lastKnownFileType = sourcecode.c.h; path = SimplePing.h; sourceTree = "<group>"; };
		BB130522225BD7B3006E943D /* maxminddb_config.h */ = {isa = PBXFileReference; fileEncoding = 4; lastKnownFileType = sourcecode.c.h; path = maxminddb_config.h; sourceTree = "<group>"; };
		BB130523225BD7B3006E943D /* maxminddb.c */ = {isa = PBXFileReference; fileEncoding = 4; lastKnownFileType = sourcecode.c.c; path = maxminddb.c; sourceTree = "<group>"; };
		BB130524225BD7B3006E943D /* maxminddb_unions.c */ = {isa = PBXFileReference; fileEncoding = 4; lastKnownFileType = sourcecode.c.c; path = maxminddb_unions.c; sourceTree = "<group>"; };
		BB130525225BD7B3006E943D /* SimplePing.m */ = {isa = PBXFileReference; fileEncoding = 4; lastKnownFileType = sourcecode.c.objc; path = SimplePing.m; sourceTree = "<group>"; };
		BB130526225BD7B3006E943D /* maxminddb_unions.h */ = {isa = PBXFileReference; fileEncoding = 4; lastKnownFileType = sourcecode.c.h; path = maxminddb_unions.h; sourceTree = "<group>"; };
		BB130527225BD7B3006E943D /* MMDB.swift */ = {isa = PBXFileReference; fileEncoding = 4; lastKnownFileType = sourcecode.swift; path = MMDB.swift; sourceTree = "<group>"; };
		BB130528225BD7B3006E943D /* maxminddb-compat-util.h */ = {isa = PBXFileReference; fileEncoding = 4; lastKnownFileType = sourcecode.c.h; path = "maxminddb-compat-util.h"; sourceTree = "<group>"; };
		BB130529225BD7B3006E943D /* MMDB.h */ = {isa = PBXFileReference; fileEncoding = 4; lastKnownFileType = sourcecode.c.h; path = MMDB.h; sourceTree = "<group>"; };
		BB130534225BD9EF006E943D /* VPNConnectionErrorType.swift */ = {isa = PBXFileReference; lastKnownFileType = sourcecode.swift; path = VPNConnectionErrorType.swift; sourceTree = "<group>"; };
/* End PBXFileReference section */

/* Begin PBXFrameworksBuildPhase section */
		BB130502225BCC1E006E943D /* Frameworks */ = {
			isa = PBXFrameworksBuildPhase;
			buildActionMask = 2147483647;
			files = (
			);
			runOnlyForDeploymentPostprocessing = 0;
		};
/* End PBXFrameworksBuildPhase section */

/* Begin PBXGroup section */
		BB1304FB225BCC1E006E943D = {
			isa = PBXGroup;
			children = (
				BB130507225BCC1E006E943D /* VPNManager */,
				BB130506225BCC1E006E943D /* Products */,
			);
			sourceTree = "<group>";
		};
		BB130506225BCC1E006E943D /* Products */ = {
			isa = PBXGroup;
			children = (
				BB130505225BCC1E006E943D /* VPNManager.framework */,
			);
			name = Products;
			sourceTree = "<group>";
		};
		BB130507225BCC1E006E943D /* VPNManager */ = {
			isa = PBXGroup;
			children = (
				BB13051E225BD79D006E943D /* SupportingFiles */,
				BB130512225BCC51006E943D /* Model */,
				BB130513225BCC6A006E943D /* Service */,
				BB130508225BCC1E006E943D /* VPNManager.h */,
				BB130509225BCC1E006E943D /* Info.plist */,
			);
			path = VPNManager;
			sourceTree = "<group>";
		};
		BB130512225BCC51006E943D /* Model */ = {
			isa = PBXGroup;
			children = (
				BB130534225BD9EF006E943D /* VPNConnectionErrorType.swift */,
				BB130514225BCC80006E943D /* VPNProtocolType.swift */,
				BB130516225BCCB6006E943D /* VPNAccount.swift */,
			);
			path = Model;
			sourceTree = "<group>";
		};
		BB130513225BCC6A006E943D /* Service */ = {
			isa = PBXGroup;
			children = (
				BB13051A225BCDA6006E943D /* VPNConnectionProtocol.swift */,
				BB130518225BCCFD006E943D /* VPNManager.swift */,
			);
			path = Service;
			sourceTree = "<group>";
		};
		BB13051E225BD79D006E943D /* SupportingFiles */ = {
			isa = PBXGroup;
			children = (
				BB13051F225BD7A7006E943D /* MMDB */,
			);
			path = SupportingFiles;
			sourceTree = "<group>";
		};
		BB13051F225BD7A7006E943D /* MMDB */ = {
			isa = PBXGroup;
			children = (
				BB130522225BD7B3006E943D /* maxminddb_config.h */,
				BB130524225BD7B3006E943D /* maxminddb_unions.c */,
				BB130526225BD7B3006E943D /* maxminddb_unions.h */,
				BB130528225BD7B3006E943D /* maxminddb-compat-util.h */,
				BB130523225BD7B3006E943D /* maxminddb.c */,
				BB130520225BD7B3006E943D /* maxminddb.h */,
				BB130529225BD7B3006E943D /* MMDB.h */,
				BB130527225BD7B3006E943D /* MMDB.swift */,
				BB130521225BD7B3006E943D /* SimplePing.h */,
				BB130525225BD7B3006E943D /* SimplePing.m */,
			);
			path = MMDB;
			sourceTree = "<group>";
		};
/* End PBXGroup section */

/* Begin PBXHeadersBuildPhase section */
		BB130500225BCC1E006E943D /* Headers */ = {
			isa = PBXHeadersBuildPhase;
			buildActionMask = 2147483647;
			files = (
				BB13050A225BCC1E006E943D /* VPNManager.h in Headers */,
				BB130532225BD7B3006E943D /* maxminddb-compat-util.h in Headers */,
				BB13052C225BD7B3006E943D /* maxminddb_config.h in Headers */,
				BB13052A225BD7B3006E943D /* maxminddb.h in Headers */,
				BB130530225BD7B3006E943D /* maxminddb_unions.h in Headers */,
				BB130533225BD7B3006E943D /* MMDB.h in Headers */,
				BB13052B225BD7B3006E943D /* SimplePing.h in Headers */,
			);
			runOnlyForDeploymentPostprocessing = 0;
		};
/* End PBXHeadersBuildPhase section */

/* Begin PBXNativeTarget section */
		BB130504225BCC1E006E943D /* VPNManager */ = {
			isa = PBXNativeTarget;
			buildConfigurationList = BB13050D225BCC1E006E943D /* Build configuration list for PBXNativeTarget "VPNManager" */;
			buildPhases = (
				BB130500225BCC1E006E943D /* Headers */,
				BB130501225BCC1E006E943D /* Sources */,
				BB130502225BCC1E006E943D /* Frameworks */,
				BB130503225BCC1E006E943D /* Resources */,
			);
			buildRules = (
			);
			dependencies = (
			);
			name = VPNManager;
			productName = VPNManager;
			productReference = BB130505225BCC1E006E943D /* VPNManager.framework */;
			productType = "com.apple.product-type.framework";
		};
/* End PBXNativeTarget section */

/* Begin PBXProject section */
		BB1304FC225BCC1E006E943D /* Project object */ = {
			isa = PBXProject;
			attributes = {
				LastUpgradeCheck = 1020;
				ORGANIZATIONNAME = "Kaan Barış Bayrak";
				TargetAttributes = {
					BB130504225BCC1E006E943D = {
						CreatedOnToolsVersion = 10.2;
						LastSwiftMigration = 1020;
					};
				};
			};
			buildConfigurationList = BB1304FF225BCC1E006E943D /* Build configuration list for PBXProject "VPNManager" */;
			compatibilityVersion = "Xcode 9.3";
			developmentRegion = en;
			hasScannedForEncodings = 0;
			knownRegions = (
				en,
			);
			mainGroup = BB1304FB225BCC1E006E943D;
			productRefGroup = BB130506225BCC1E006E943D /* Products */;
			projectDirPath = "";
			projectRoot = "";
			targets = (
				BB130504225BCC1E006E943D /* VPNManager */,
			);
		};
/* End PBXProject section */

/* Begin PBXResourcesBuildPhase section */
		BB130503225BCC1E006E943D /* Resources */ = {
			isa = PBXResourcesBuildPhase;
			buildActionMask = 2147483647;
			files = (
			);
			runOnlyForDeploymentPostprocessing = 0;
		};
/* End PBXResourcesBuildPhase section */

/* Begin PBXSourcesBuildPhase section */
		BB130501225BCC1E006E943D /* Sources */ = {
			isa = PBXSourcesBuildPhase;
			buildActionMask = 2147483647;
			files = (
				BB13052E225BD7B3006E943D /* maxminddb_unions.c in Sources */,
				BB13052D225BD7B3006E943D /* maxminddb.c in Sources */,
				BB130515225BCC80006E943D /* VPNProtocolType.swift in Sources */,
				BB13051B225BCDA6006E943D /* VPNConnectionProtocol.swift in Sources */,
				BB130517225BCCB6006E943D /* VPNAccount.swift in Sources */,
				BB130519225BCCFD006E943D /* VPNManager.swift in Sources */,
				BB13052F225BD7B3006E943D /* SimplePing.m in Sources */,
				BB130531225BD7B3006E943D /* MMDB.swift in Sources */,
				BB130535225BD9EF006E943D /* VPNConnectionErrorType.swift in Sources */,
			);
			runOnlyForDeploymentPostprocessing = 0;
		};
/* End PBXSourcesBuildPhase section */

/* Begin XCBuildConfiguration section */
		BB13050B225BCC1E006E943D /* Debug */ = {
			isa = XCBuildConfiguration;
			buildSettings = {
				ALWAYS_SEARCH_USER_PATHS = NO;
				CLANG_ANALYZER_NONNULL = YES;
				CLANG_ANALYZER_NUMBER_OBJECT_CONVERSION = YES_AGGRESSIVE;
				CLANG_CXX_LANGUAGE_STANDARD = "gnu++14";
				CLANG_CXX_LIBRARY = "libc++";
				CLANG_ENABLE_MODULES = YES;
				CLANG_ENABLE_OBJC_ARC = YES;
				CLANG_ENABLE_OBJC_WEAK = YES;
				CLANG_WARN_BLOCK_CAPTURE_AUTORELEASING = YES;
				CLANG_WARN_BOOL_CONVERSION = YES;
				CLANG_WARN_COMMA = YES;
				CLANG_WARN_CONSTANT_CONVERSION = YES;
				CLANG_WARN_DEPRECATED_OBJC_IMPLEMENTATIONS = YES;
				CLANG_WARN_DIRECT_OBJC_ISA_USAGE = YES_ERROR;
				CLANG_WARN_DOCUMENTATION_COMMENTS = YES;
				CLANG_WARN_EMPTY_BODY = YES;
				CLANG_WARN_ENUM_CONVERSION = YES;
				CLANG_WARN_INFINITE_RECURSION = YES;
				CLANG_WARN_INT_CONVERSION = YES;
				CLANG_WARN_NON_LITERAL_NULL_CONVERSION = YES;
				CLANG_WARN_OBJC_IMPLICIT_RETAIN_SELF = YES;
				CLANG_WARN_OBJC_LITERAL_CONVERSION = YES;
				CLANG_WARN_OBJC_ROOT_CLASS = YES_ERROR;
				CLANG_WARN_RANGE_LOOP_ANALYSIS = YES;
				CLANG_WARN_STRICT_PROTOTYPES = YES;
				CLANG_WARN_SUSPICIOUS_MOVE = YES;
				CLANG_WARN_UNGUARDED_AVAILABILITY = YES_AGGRESSIVE;
				CLANG_WARN_UNREACHABLE_CODE = YES;
				CLANG_WARN__DUPLICATE_METHOD_MATCH = YES;
				CODE_SIGN_IDENTITY = "iPhone Developer";
				COPY_PHASE_STRIP = NO;
				CURRENT_PROJECT_VERSION = 1;
				DEBUG_INFORMATION_FORMAT = dwarf;
				ENABLE_STRICT_OBJC_MSGSEND = YES;
				ENABLE_TESTABILITY = YES;
				GCC_C_LANGUAGE_STANDARD = gnu11;
				GCC_DYNAMIC_NO_PIC = NO;
				GCC_NO_COMMON_BLOCKS = YES;
				GCC_OPTIMIZATION_LEVEL = 0;
				GCC_PREPROCESSOR_DEFINITIONS = (
					"DEBUG=1",
					"$(inherited)",
				);
				GCC_WARN_64_TO_32_BIT_CONVERSION = YES;
				GCC_WARN_ABOUT_RETURN_TYPE = YES_ERROR;
				GCC_WARN_UNDECLARED_SELECTOR = YES;
				GCC_WARN_UNINITIALIZED_AUTOS = YES_AGGRESSIVE;
				GCC_WARN_UNUSED_FUNCTION = YES;
				GCC_WARN_UNUSED_VARIABLE = YES;
				IPHONEOS_DEPLOYMENT_TARGET = 12.2;
				MTL_ENABLE_DEBUG_INFO = INCLUDE_SOURCE;
				MTL_FAST_MATH = YES;
				ONLY_ACTIVE_ARCH = YES;
				SDKROOT = iphoneos;
				SWIFT_ACTIVE_COMPILATION_CONDITIONS = DEBUG;
				SWIFT_OPTIMIZATION_LEVEL = "-Onone";
				VERSIONING_SYSTEM = "apple-generic";
				VERSION_INFO_PREFIX = "";
			};
			name = Debug;
		};
		BB13050C225BCC1E006E943D /* Release */ = {
			isa = XCBuildConfiguration;
			buildSettings = {
				ALWAYS_SEARCH_USER_PATHS = NO;
				CLANG_ANALYZER_NONNULL = YES;
				CLANG_ANALYZER_NUMBER_OBJECT_CONVERSION = YES_AGGRESSIVE;
				CLANG_CXX_LANGUAGE_STANDARD = "gnu++14";
				CLANG_CXX_LIBRARY = "libc++";
				CLANG_ENABLE_MODULES = YES;
				CLANG_ENABLE_OBJC_ARC = YES;
				CLANG_ENABLE_OBJC_WEAK = YES;
				CLANG_WARN_BLOCK_CAPTURE_AUTORELEASING = YES;
				CLANG_WARN_BOOL_CONVERSION = YES;
				CLANG_WARN_COMMA = YES;
				CLANG_WARN_CONSTANT_CONVERSION = YES;
				CLANG_WARN_DEPRECATED_OBJC_IMPLEMENTATIONS = YES;
				CLANG_WARN_DIRECT_OBJC_ISA_USAGE = YES_ERROR;
				CLANG_WARN_DOCUMENTATION_COMMENTS = YES;
				CLANG_WARN_EMPTY_BODY = YES;
				CLANG_WARN_ENUM_CONVERSION = YES;
				CLANG_WARN_INFINITE_RECURSION = YES;
				CLANG_WARN_INT_CONVERSION = YES;
				CLANG_WARN_NON_LITERAL_NULL_CONVERSION = YES;
				CLANG_WARN_OBJC_IMPLICIT_RETAIN_SELF = YES;
				CLANG_WARN_OBJC_LITERAL_CONVERSION = YES;
				CLANG_WARN_OBJC_ROOT_CLASS = YES_ERROR;
				CLANG_WARN_RANGE_LOOP_ANALYSIS = YES;
				CLANG_WARN_STRICT_PROTOTYPES = YES;
				CLANG_WARN_SUSPICIOUS_MOVE = YES;
				CLANG_WARN_UNGUARDED_AVAILABILITY = YES_AGGRESSIVE;
				CLANG_WARN_UNREACHABLE_CODE = YES;
				CLANG_WARN__DUPLICATE_METHOD_MATCH = YES;
				CODE_SIGN_IDENTITY = "iPhone Developer";
				COPY_PHASE_STRIP = NO;
				CURRENT_PROJECT_VERSION = 1;
				DEBUG_INFORMATION_FORMAT = "dwarf-with-dsym";
				ENABLE_NS_ASSERTIONS = NO;
				ENABLE_STRICT_OBJC_MSGSEND = YES;
				GCC_C_LANGUAGE_STANDARD = gnu11;
				GCC_NO_COMMON_BLOCKS = YES;
				GCC_WARN_64_TO_32_BIT_CONVERSION = YES;
				GCC_WARN_ABOUT_RETURN_TYPE = YES_ERROR;
				GCC_WARN_UNDECLARED_SELECTOR = YES;
				GCC_WARN_UNINITIALIZED_AUTOS = YES_AGGRESSIVE;
				GCC_WARN_UNUSED_FUNCTION = YES;
				GCC_WARN_UNUSED_VARIABLE = YES;
				IPHONEOS_DEPLOYMENT_TARGET = 12.2;
				MTL_ENABLE_DEBUG_INFO = NO;
				MTL_FAST_MATH = YES;
				SDKROOT = iphoneos;
				SWIFT_COMPILATION_MODE = wholemodule;
				SWIFT_OPTIMIZATION_LEVEL = "-O";
				VALIDATE_PRODUCT = YES;
				VERSIONING_SYSTEM = "apple-generic";
				VERSION_INFO_PREFIX = "";
			};
			name = Release;
		};
		BB13050E225BCC1E006E943D /* Debug */ = {
			isa = XCBuildConfiguration;
			buildSettings = {
				CLANG_ENABLE_MODULES = YES;
				CODE_SIGN_IDENTITY = "";
				CODE_SIGN_STYLE = Automatic;
				DEFINES_MODULE = YES;
				DEVELOPMENT_TEAM = 93KQH2FGF3;
				DYLIB_COMPATIBILITY_VERSION = 1;
				DYLIB_CURRENT_VERSION = 1;
				DYLIB_INSTALL_NAME_BASE = "@rpath";
				INFOPLIST_FILE = VPNManager/Info.plist;
				INSTALL_PATH = "$(LOCAL_LIBRARY_DIR)/Frameworks";
				IPHONEOS_DEPLOYMENT_TARGET = 11.0;
				LD_RUNPATH_SEARCH_PATHS = (
					"$(inherited)",
					"@executable_path/Frameworks",
					"@loader_path/Frameworks",
				);
				PRODUCT_BUNDLE_IDENTIFIER = com.connect.vpn.VPNManager;
				PRODUCT_NAME = "$(TARGET_NAME:c99extidentifier)";
				SKIP_INSTALL = YES;
				SWIFT_OPTIMIZATION_LEVEL = "-Onone";
				SWIFT_VERSION = 5.0;
				TARGETED_DEVICE_FAMILY = "1,2";
			};
			name = Debug;
		};
		BB13050F225BCC1E006E943D /* Release */ = {
			isa = XCBuildConfiguration;
			buildSettings = {
				CLANG_ENABLE_MODULES = YES;
				CODE_SIGN_IDENTITY = "";
				CODE_SIGN_STYLE = Automatic;
				DEFINES_MODULE = YES;
				DEVELOPMENT_TEAM = 93KQH2FGF3;
				DYLIB_COMPATIBILITY_VERSION = 1;
				DYLIB_CURRENT_VERSION = 1;
				DYLIB_INSTALL_NAME_BASE = "@rpath";
				INFOPLIST_FILE = VPNManager/Info.plist;
				INSTALL_PATH = "$(LOCAL_LIBRARY_DIR)/Frameworks";
				IPHONEOS_DEPLOYMENT_TARGET = 11.0;
				LD_RUNPATH_SEARCH_PATHS = (
					"$(inherited)",
					"@executable_path/Frameworks",
					"@loader_path/Frameworks",
				);
				PRODUCT_BUNDLE_IDENTIFIER = com.connect.vpn.VPNManager;
				PRODUCT_NAME = "$(TARGET_NAME:c99extidentifier)";
				SKIP_INSTALL = YES;
				SWIFT_VERSION = 5.0;
				TARGETED_DEVICE_FAMILY = "1,2";
			};
			name = Release;
		};
/* End XCBuildConfiguration section */

/* Begin XCConfigurationList section */
		BB1304FF225BCC1E006E943D /* Build configuration list for PBXProject "VPNManager" */ = {
			isa = XCConfigurationList;
			buildConfigurations = (
				BB13050B225BCC1E006E943D /* Debug */,
				BB13050C225BCC1E006E943D /* Release */,
			);
			defaultConfigurationIsVisible = 0;
			defaultConfigurationName = Release;
		};
		BB13050D225BCC1E006E943D /* Build configuration list for PBXNativeTarget "VPNManager" */ = {
			isa = XCConfigurationList;
			buildConfigurations = (
				BB13050E225BCC1E006E943D /* Debug */,
				BB13050F225BCC1E006E943D /* Release */,
			);
			defaultConfigurationIsVisible = 0;
			defaultConfigurationName = Release;
		};
/* End XCConfigurationList section */
	};
	rootObject = BB1304FC225BCC1E006E943D /* Project object */;
}
